// !$*UTF8*$!
{
	archiveVersion = 1;
	classes = {
	};
	objectVersion = 56;
	objects = {

/* Begin PBXBuildFile section */
		2C64A87929AA3F340070DD18 /* TimerViewController.swift in Sources */ = {isa = PBXBuildFile; fileRef = 2C64A87829AA3F340070DD18 /* TimerViewController.swift */; };
		453603B029A7B684007CA713 /* AppDelegate.swift in Sources */ = {isa = PBXBuildFile; fileRef = 453603AF29A7B684007CA713 /* AppDelegate.swift */; };
		453603B229A7B684007CA713 /* SceneDelegate.swift in Sources */ = {isa = PBXBuildFile; fileRef = 453603B129A7B684007CA713 /* SceneDelegate.swift */; };
		453603B429A7B684007CA713 /* ExercisesViewController.swift in Sources */ = {isa = PBXBuildFile; fileRef = 453603B329A7B684007CA713 /* ExercisesViewController.swift */; };
		453603B729A7B684007CA713 /* Main.storyboard in Resources */ = {isa = PBXBuildFile; fileRef = 453603B529A7B684007CA713 /* Main.storyboard */; };
		453603B929A7B685007CA713 /* Assets.xcassets in Resources */ = {isa = PBXBuildFile; fileRef = 453603B829A7B685007CA713 /* Assets.xcassets */; };
		453603BC29A7B685007CA713 /* LaunchScreen.storyboard in Resources */ = {isa = PBXBuildFile; fileRef = 453603BA29A7B685007CA713 /* LaunchScreen.storyboard */; };
		453603C529A7FB31007CA713 /* ExerciseTableViewCell.swift in Sources */ = {isa = PBXBuildFile; fileRef = 453603C329A7FB31007CA713 /* ExerciseTableViewCell.swift */; };
		453603C629A7FB31007CA713 /* ExerciseTableViewCell.xib in Resources */ = {isa = PBXBuildFile; fileRef = 453603C429A7FB31007CA713 /* ExerciseTableViewCell.xib */; };
/* End PBXBuildFile section */

/* Begin PBXFileReference section */
		2C64A87829AA3F340070DD18 /* TimerViewController.swift */ = {isa = PBXFileReference; fileEncoding = 4; lastKnownFileType = sourcecode.swift; path = TimerViewController.swift; sourceTree = "<group>"; };
		453603AC29A7B684007CA713 /* TimerAppHomeWork.app */ = {isa = PBXFileReference; explicitFileType = wrapper.application; includeInIndex = 0; path = TimerAppHomeWork.app; sourceTree = BUILT_PRODUCTS_DIR; };
		453603AF29A7B684007CA713 /* AppDelegate.swift */ = {isa = PBXFileReference; lastKnownFileType = sourcecode.swift; path = AppDelegate.swift; sourceTree = "<group>"; };
		453603B129A7B684007CA713 /* SceneDelegate.swift */ = {isa = PBXFileReference; lastKnownFileType = sourcecode.swift; path = SceneDelegate.swift; sourceTree = "<group>"; };
		453603B329A7B684007CA713 /* ExercisesViewController.swift */ = {isa = PBXFileReference; lastKnownFileType = sourcecode.swift; path = ExercisesViewController.swift; sourceTree = "<group>"; };
		453603B629A7B684007CA713 /* Base */ = {isa = PBXFileReference; lastKnownFileType = file.storyboard; name = Base; path = Base.lproj/Main.storyboard; sourceTree = "<group>"; };
		453603B829A7B685007CA713 /* Assets.xcassets */ = {isa = PBXFileReference; lastKnownFileType = folder.assetcatalog; path = Assets.xcassets; sourceTree = "<group>"; };
		453603BB29A7B685007CA713 /* Base */ = {isa = PBXFileReference; lastKnownFileType = file.storyboard; name = Base; path = Base.lproj/LaunchScreen.storyboard; sourceTree = "<group>"; };
		453603BD29A7B685007CA713 /* Info.plist */ = {isa = PBXFileReference; lastKnownFileType = text.plist.xml; path = Info.plist; sourceTree = "<group>"; };
		453603C329A7FB31007CA713 /* ExerciseTableViewCell.swift */ = {isa = PBXFileReference; lastKnownFileType = sourcecode.swift; path = ExerciseTableViewCell.swift; sourceTree = "<group>"; };
		453603C429A7FB31007CA713 /* ExerciseTableViewCell.xib */ = {isa = PBXFileReference; lastKnownFileType = file.xib; path = ExerciseTableViewCell.xib; sourceTree = "<group>"; };
/* End PBXFileReference section */

/* Begin PBXFrameworksBuildPhase section */
		453603A929A7B684007CA713 /* Frameworks */ = {
			isa = PBXFrameworksBuildPhase;
			buildActionMask = 2147483647;
			files = (
			);
			runOnlyForDeploymentPostprocessing = 0;
		};
/* End PBXFrameworksBuildPhase section */

/* Begin PBXGroup section */
		2C64A87129AA3D040070DD18 /* Exercises */ = {
			isa = PBXGroup;
			children = (
				453603B329A7B684007CA713 /* ExercisesViewController.swift */,
				453603C329A7FB31007CA713 /* ExerciseTableViewCell.swift */,
				453603C429A7FB31007CA713 /* ExerciseTableViewCell.xib */,
			);
			path = Exercises;
			sourceTree = "<group>";
		};
		2C64A87A29AA3F400070DD18 /* Timer */ = {
			isa = PBXGroup;
			children = (
				2C64A87829AA3F340070DD18 /* TimerViewController.swift */,
			);
			path = Timer;
			sourceTree = "<group>";
		};
		453603A329A7B684007CA713 = {
			isa = PBXGroup;
			children = (
				453603AE29A7B684007CA713 /* TimerAppHomeWork */,
				453603AD29A7B684007CA713 /* Products */,
			);
			sourceTree = "<group>";
		};
		453603AD29A7B684007CA713 /* Products */ = {
			isa = PBXGroup;
			children = (
				453603AC29A7B684007CA713 /* TimerAppHomeWork.app */,
			);
			name = Products;
			sourceTree = "<group>";
		};
		453603AE29A7B684007CA713 /* TimerAppHomeWork */ = {
			isa = PBXGroup;
			children = (
				453603AF29A7B684007CA713 /* AppDelegate.swift */,
				453603B129A7B684007CA713 /* SceneDelegate.swift */,
				453603B529A7B684007CA713 /* Main.storyboard */,
				2C64A87A29AA3F400070DD18 /* Timer */,
				2C64A87129AA3D040070DD18 /* Exercises */,
				453603B829A7B685007CA713 /* Assets.xcassets */,
				453603BA29A7B685007CA713 /* LaunchScreen.storyboard */,
				453603BD29A7B685007CA713 /* Info.plist */,
			);
			path = TimerAppHomeWork;
			sourceTree = "<group>";
		};
/* End PBXGroup section */

/* Begin PBXNativeTarget section */
		453603AB29A7B684007CA713 /* TimerAppHomeWork */ = {
			isa = PBXNativeTarget;
			buildConfigurationList = 453603C029A7B686007CA713 /* Build configuration list for PBXNativeTarget "TimerAppHomeWork" */;
			buildPhases = (
				453603A829A7B684007CA713 /* Sources */,
				453603A929A7B684007CA713 /* Frameworks */,
				453603AA29A7B684007CA713 /* Resources */,
			);
			buildRules = (
			);
			dependencies = (
			);
			name = TimerAppHomeWork;
			productName = TimerAppHomeWork;
			productReference = 453603AC29A7B684007CA713 /* TimerAppHomeWork.app */;
			productType = "com.apple.product-type.application";
		};
/* End PBXNativeTarget section */

/* Begin PBXProject section */
		453603A429A7B684007CA713 /* Project object */ = {
			isa = PBXProject;
			attributes = {
				BuildIndependentTargetsInParallel = 1;
				LastSwiftUpdateCheck = 1420;
				LastUpgradeCheck = 1420;
				TargetAttributes = {
					453603AB29A7B684007CA713 = {
						CreatedOnToolsVersion = 14.2;
					};
				};
			};
			buildConfigurationList = 453603A729A7B684007CA713 /* Build configuration list for PBXProject "TimerAppHomeWork" */;
			compatibilityVersion = "Xcode 14.0";
			developmentRegion = en;
			hasScannedForEncodings = 0;
			knownRegions = (
				en,
				Base,
			);
			mainGroup = 453603A329A7B684007CA713;
			productRefGroup = 453603AD29A7B684007CA713 /* Products */;
			projectDirPath = "";
			projectRoot = "";
			targets = (
				453603AB29A7B684007CA713 /* TimerAppHomeWork */,
			);
		};
/* End PBXProject section */

/* Begin PBXResourcesBuildPhase section */
		453603AA29A7B684007CA713 /* Resources */ = {
			isa = PBXResourcesBuildPhase;
			buildActionMask = 2147483647;
			files = (
				453603BC29A7B685007CA713 /* LaunchScreen.storyboard in Resources */,
				453603C629A7FB31007CA713 /* ExerciseTableViewCell.xib in Resources */,
				453603B929A7B685007CA713 /* Assets.xcassets in Resources */,
				453603B729A7B684007CA713 /* Main.storyboard in Resources */,
			);
			runOnlyForDeploymentPostprocessing = 0;
		};
/* End PBXResourcesBuildPhase section */

/* Begin PBXSourcesBuildPhase section */
		453603A829A7B684007CA713 /* Sources */ = {
			isa = PBXSourcesBuildPhase;
			buildActionMask = 2147483647;
			files = (
				2C64A87929AA3F340070DD18 /* TimerViewController.swift in Sources */,
				453603B429A7B684007CA713 /* ExercisesViewController.swift in Sources */,
				453603C529A7FB31007CA713 /* ExerciseTableViewCell.swift in Sources */,
				453603B029A7B684007CA713 /* AppDelegate.swift in Sources */,
				453603B229A7B684007CA713 /* SceneDelegate.swift in Sources */,
			);
			runOnlyForDeploymentPostprocessing = 0;
		};
/* End PBXSourcesBuildPhase section */

/* Begin PBXVariantGroup section */
		453603B529A7B684007CA713 /* Main.storyboard */ = {
			isa = PBXVariantGroup;
			children = (
				453603B629A7B684007CA713 /* Base */,
			);
			name = Main.storyboard;
			sourceTree = "<group>";
		};
		453603BA29A7B685007CA713 /* LaunchScreen.storyboard */ = {
			isa = PBXVariantGroup;
			children = (
				453603BB29A7B685007CA713 /* Base */,
			);
			name = LaunchScreen.storyboard;
			sourceTree = "<group>";
		};
/* End PBXVariantGroup section */

/* Begin XCBuildConfiguration section */
		453603BE29A7B685007CA713 /* Debug */ = {
			isa = XCBuildConfiguration;
			buildSettings = {
				ALWAYS_SEARCH_USER_PATHS = NO;
				CLANG_ANALYZER_NONNULL = YES;
				CLANG_ANALYZER_NUMBER_OBJECT_CONVERSION = YES_AGGRESSIVE;
				CLANG_CXX_LANGUAGE_STANDARD = "gnu++20";
				CLANG_ENABLE_MODULES = YES;
				CLANG_ENABLE_OBJC_ARC = YES;
				CLANG_ENABLE_OBJC_WEAK = YES;
				CLANG_WARN_BLOCK_CAPTURE_AUTORELEASING = YES;
				CLANG_WARN_BOOL_CONVERSION = YES;
				CLANG_WARN_COMMA = YES;
				CLANG_WARN_CONSTANT_CONVERSION = YES;
				CLANG_WARN_DEPRECATED_OBJC_IMPLEMENTATIONS = YES;
				CLANG_WARN_DIRECT_OBJC_ISA_USAGE = YES_ERROR;
				CLANG_WARN_DOCUMENTATION_COMMENTS = YES;
				CLANG_WARN_EMPTY_BODY = YES;
				CLANG_WARN_ENUM_CONVERSION = YES;
				CLANG_WARN_INFINITE_RECURSION = YES;
				CLANG_WARN_INT_CONVERSION = YES;
				CLANG_WARN_NON_LITERAL_NULL_CONVERSION = YES;
				CLANG_WARN_OBJC_IMPLICIT_RETAIN_SELF = YES;
				CLANG_WARN_OBJC_LITERAL_CONVERSION = YES;
				CLANG_WARN_OBJC_ROOT_CLASS = YES_ERROR;
				CLANG_WARN_QUOTED_INCLUDE_IN_FRAMEWORK_HEADER = YES;
				CLANG_WARN_RANGE_LOOP_ANALYSIS = YES;
				CLANG_WARN_STRICT_PROTOTYPES = YES;
				CLANG_WARN_SUSPICIOUS_MOVE = YES;
				CLANG_WARN_UNGUARDED_AVAILABILITY = YES_AGGRESSIVE;
				CLANG_WARN_UNREACHABLE_CODE = YES;
				CLANG_WARN__DUPLICATE_METHOD_MATCH = YES;
				COPY_PHASE_STRIP = NO;
				DEBUG_INFORMATION_FORMAT = dwarf;
				ENABLE_STRICT_OBJC_MSGSEND = YES;
				ENABLE_TESTABILITY = YES;
				GCC_C_LANGUAGE_STANDARD = gnu11;
				GCC_DYNAMIC_NO_PIC = NO;
				GCC_NO_COMMON_BLOCKS = YES;
				GCC_OPTIMIZATION_LEVEL = 0;
				GCC_PREPROCESSOR_DEFINITIONS = (
					"DEBUG=1",
					"$(inherited)",
				);
				GCC_WARN_64_TO_32_BIT_CONVERSION = YES;
				GCC_WARN_ABOUT_RETURN_TYPE = YES_ERROR;
				GCC_WARN_UNDECLARED_SELECTOR = YES;
				GCC_WARN_UNINITIALIZED_AUTOS = YES_AGGRESSIVE;
				GCC_WARN_UNUSED_FUNCTION = YES;
				GCC_WARN_UNUSED_VARIABLE = YES;
				IPHONEOS_DEPLOYMENT_TARGET = 16.2;
				MTL_ENABLE_DEBUG_INFO = INCLUDE_SOURCE;
				MTL_FAST_MATH = YES;
				ONLY_ACTIVE_ARCH = YES;
				SDKROOT = iphoneos;
				SWIFT_ACTIVE_COMPILATION_CONDITIONS = DEBUG;
				SWIFT_OPTIMIZATION_LEVEL = "-Onone";
			};
			name = Debug;
		};
		453603BF29A7B685007CA713 /* Release */ = {
			isa = XCBuildConfiguration;
			buildSettings = {
				ALWAYS_SEARCH_USER_PATHS = NO;
				CLANG_ANALYZER_NONNULL = YES;
				CLANG_ANALYZER_NUMBER_OBJECT_CONVERSION = YES_AGGRESSIVE;
				CLANG_CXX_LANGUAGE_STANDARD = "gnu++20";
				CLANG_ENABLE_MODULES = YES;
				CLANG_ENABLE_OBJC_ARC = YES;
				CLANG_ENABLE_OBJC_WEAK = YES;
				CLANG_WARN_BLOCK_CAPTURE_AUTORELEASING = YES;
				CLANG_WARN_BOOL_CONVERSION = YES;
				CLANG_WARN_COMMA = YES;
				CLANG_WARN_CONSTANT_CONVERSION = YES;
				CLANG_WARN_DEPRECATED_OBJC_IMPLEMENTATIONS = YES;
				CLANG_WARN_DIRECT_OBJC_ISA_USAGE = YES_ERROR;
				CLANG_WARN_DOCUMENTATION_COMMENTS = YES;
				CLANG_WARN_EMPTY_BODY = YES;
				CLANG_WARN_ENUM_CONVERSION = YES;
				CLANG_WARN_INFINITE_RECURSION = YES;
				CLANG_WARN_INT_CONVERSION = YES;
				CLANG_WARN_NON_LITERAL_NULL_CONVERSION = YES;
				CLANG_WARN_OBJC_IMPLICIT_RETAIN_SELF = YES;
				CLANG_WARN_OBJC_LITERAL_CONVERSION = YES;
				CLANG_WARN_OBJC_ROOT_CLASS = YES_ERROR;
				CLANG_WARN_QUOTED_INCLUDE_IN_FRAMEWORK_HEADER = YES;
				CLANG_WARN_RANGE_LOOP_ANALYSIS = YES;
				CLANG_WARN_STRICT_PROTOTYPES = YES;
				CLANG_WARN_SUSPICIOUS_MOVE = YES;
				CLANG_WARN_UNGUARDED_AVAILABILITY = YES_AGGRESSIVE;
				CLANG_WARN_UNREACHABLE_CODE = YES;
				CLANG_WARN__DUPLICATE_METHOD_MATCH = YES;
				COPY_PHASE_STRIP = NO;
				DEBUG_INFORMATION_FORMAT = "dwarf-with-dsym";
				ENABLE_NS_ASSERTIONS = NO;
				ENABLE_STRICT_OBJC_MSGSEND = YES;
				GCC_C_LANGUAGE_STANDARD = gnu11;
				GCC_NO_COMMON_BLOCKS = YES;
				GCC_WARN_64_TO_32_BIT_CONVERSION = YES;
				GCC_WARN_ABOUT_RETURN_TYPE = YES_ERROR;
				GCC_WARN_UNDECLARED_SELECTOR = YES;
				GCC_WARN_UNINITIALIZED_AUTOS = YES_AGGRESSIVE;
				GCC_WARN_UNUSED_FUNCTION = YES;
				GCC_WARN_UNUSED_VARIABLE = YES;
				IPHONEOS_DEPLOYMENT_TARGET = 16.2;
				MTL_ENABLE_DEBUG_INFO = NO;
				MTL_FAST_MATH = YES;
				SDKROOT = iphoneos;
				SWIFT_COMPILATION_MODE = wholemodule;
				SWIFT_OPTIMIZATION_LEVEL = "-O";
				VALIDATE_PRODUCT = YES;
			};
			name = Release;
		};
		453603C129A7B686007CA713 /* Debug */ = {
			isa = XCBuildConfiguration;
			buildSettings = {
				ASSETCATALOG_COMPILER_APPICON_NAME = AppIcon;
				ASSETCATALOG_COMPILER_GLOBAL_ACCENT_COLOR_NAME = AccentColor;
				CODE_SIGN_STYLE = Automatic;
				CURRENT_PROJECT_VERSION = 1;
				DEVELOPMENT_TEAM = 968JTPZFNU;
				GENERATE_INFOPLIST_FILE = YES;
				INFOPLIST_FILE = TimerAppHomeWork/Info.plist;
				INFOPLIST_KEY_UIApplicationSupportsIndirectInputEvents = YES;
				INFOPLIST_KEY_UILaunchStoryboardName = LaunchScreen;
				INFOPLIST_KEY_UIMainStoryboardFile = Main;
				INFOPLIST_KEY_UISupportedInterfaceOrientations_iPad = "UIInterfaceOrientationPortrait UIInterfaceOrientationPortraitUpsideDown UIInterfaceOrientationLandscapeLeft UIInterfaceOrientationLandscapeRight";
				INFOPLIST_KEY_UISupportedInterfaceOrientations_iPhone = "UIInterfaceOrientationPortrait UIInterfaceOrientationLandscapeLeft UIInterfaceOrientationLandscapeRight";
				LD_RUNPATH_SEARCH_PATHS = (
					"$(inherited)",
					"@executable_path/Frameworks",
				);
				MARKETING_VERSION = 1.0;
				PRODUCT_BUNDLE_IDENTIFIER = com.test.TimerAppHomeWork;
				PRODUCT_NAME = "$(TARGET_NAME)";
				SWIFT_EMIT_LOC_STRINGS = YES;
				SWIFT_VERSION = 5.0;
				TARGETED_DEVICE_FAMILY = "1,2";
			};
			name = Debug;
		};
		453603C229A7B686007CA713 /* Release */ = {
			isa = XCBuildConfiguration;
			buildSettings = {
				ASSETCATALOG_COMPILER_APPICON_NAME = AppIcon;
				ASSETCATALOG_COMPILER_GLOBAL_ACCENT_COLOR_NAME = AccentColor;
				CODE_SIGN_STYLE = Automatic;
				CURRENT_PROJECT_VERSION = 1;
				DEVELOPMENT_TEAM = 968JTPZFNU;
				GENERATE_INFOPLIST_FILE = YES;
				INFOPLIST_FILE = TimerAppHomeWork/Info.plist;
				INFOPLIST_KEY_UIApplicationSupportsIndirectInputEvents = YES;
				INFOPLIST_KEY_UILaunchStoryboardName = LaunchScreen;
				INFOPLIST_KEY_UIMainStoryboardFile = Main;
				INFOPLIST_KEY_UISupportedInterfaceOrientations_iPad = "UIInterfaceOrientationPortrait UIInterfaceOrientationPortraitUpsideDown UIInterfaceOrientationLandscapeLeft UIInterfaceOrientationLandscapeRight";
				INFOPLIST_KEY_UISupportedInterfaceOrientations_iPhone = "UIInterfaceOrientationPortrait UIInterfaceOrientationLandscapeLeft UIInterfaceOrientationLandscapeRight";
				LD_RUNPATH_SEARCH_PATHS = (
					"$(inherited)",
					"@executable_path/Frameworks",
				);
				MARKETING_VERSION = 1.0;
				PRODUCT_BUNDLE_IDENTIFIER = com.test.TimerAppHomeWork;
				PRODUCT_NAME = "$(TARGET_NAME)";
				SWIFT_EMIT_LOC_STRINGS = YES;
				SWIFT_VERSION = 5.0;
				TARGETED_DEVICE_FAMILY = "1,2";
			};
			name = Release;
		};
/* End XCBuildConfiguration section */

/* Begin XCConfigurationList section */
		453603A729A7B684007CA713 /* Build configuration list for PBXProject "TimerAppHomeWork" */ = {
			isa = XCConfigurationList;
			buildConfigurations = (
				453603BE29A7B685007CA713 /* Debug */,
				453603BF29A7B685007CA713 /* Release */,
			);
			defaultConfigurationIsVisible = 0;
			defaultConfigurationName = Release;
		};
		453603C029A7B686007CA713 /* Build configuration list for PBXNativeTarget "TimerAppHomeWork" */ = {
			isa = XCConfigurationList;
			buildConfigurations = (
				453603C129A7B686007CA713 /* Debug */,
				453603C229A7B686007CA713 /* Release */,
			);
			defaultConfigurationIsVisible = 0;
			defaultConfigurationName = Release;
		};
/* End XCConfigurationList section */
	};
	rootObject = 453603A429A7B684007CA713 /* Project object */;
}
